// !$*UTF8*$!
{
	archiveVersion = 1;
	classes = {
	};
	objectVersion = 46;
	objects = {

/* Begin PBXBuildFile section */
		173C44E11F2A09B40087D7F8 /* GameOver.swift in Sources */ = {isa = PBXBuildFile; fileRef = 173C44E01F2A09B40087D7F8 /* GameOver.swift */; };
		173C44E31F2A0CE40087D7F8 /* Logo.png in Resources */ = {isa = PBXBuildFile; fileRef = 173C44E21F2A0CE40087D7F8 /* Logo.png */; };
		173C44E71F2A12290087D7F8 /* GameVariable.swift in Sources */ = {isa = PBXBuildFile; fileRef = 173C44E61F2A12290087D7F8 /* GameVariable.swift */; };
		173C44E91F2A23940087D7F8 /* ourship.png in Resources */ = {isa = PBXBuildFile; fileRef = 173C44E81F2A23940087D7F8 /* ourship.png */; };
		173C44F31F2A24A90087D7F8 /* MaceWindu.png in Resources */ = {isa = PBXBuildFile; fileRef = 173C44EA1F2A24A90087D7F8 /* MaceWindu.png */; };
		173C44F41F2A24A90087D7F8 /* ObiWan.png in Resources */ = {isa = PBXBuildFile; fileRef = 173C44EB1F2A24A90087D7F8 /* ObiWan.png */; };
		173C44F51F2A24A90087D7F8 /* Standing_Yoda.png in Resources */ = {isa = PBXBuildFile; fileRef = 173C44EC1F2A24A90087D7F8 /* Standing_Yoda.png */; };
		173C44F61F2A24A90087D7F8 /* Walking_Yoda1.png in Resources */ = {isa = PBXBuildFile; fileRef = 173C44ED1F2A24A90087D7F8 /* Walking_Yoda1.png */; };
		173C44F71F2A24A90087D7F8 /* Walking_Yoda2.png in Resources */ = {isa = PBXBuildFile; fileRef = 173C44EE1F2A24A90087D7F8 /* Walking_Yoda2.png */; };
		173C44F81F2A24A90087D7F8 /* WalkingMaceWindu1.png in Resources */ = {isa = PBXBuildFile; fileRef = 173C44EF1F2A24A90087D7F8 /* WalkingMaceWindu1.png */; };
		173C44F91F2A24A90087D7F8 /* WalkingMaceWindu2.png in Resources */ = {isa = PBXBuildFile; fileRef = 173C44F01F2A24A90087D7F8 /* WalkingMaceWindu2.png */; };
		173C44FA1F2A24A90087D7F8 /* WalkingObiWan1.png in Resources */ = {isa = PBXBuildFile; fileRef = 173C44F11F2A24A90087D7F8 /* WalkingObiWan1.png */; };
		173C44FB1F2A24A90087D7F8 /* WalkingObiWan2.png in Resources */ = {isa = PBXBuildFile; fileRef = 173C44F21F2A24A90087D7F8 /* WalkingObiWan2.png */; };
		17420A2F1F20B3A50011C4E5 /* Starjedi.ttf in Resources */ = {isa = PBXBuildFile; fileRef = 17420A2E1F20B3A50011C4E5 /* Starjedi.ttf */; };
		17420A321F20B7E90011C4E5 /* mute.png in Resources */ = {isa = PBXBuildFile; fileRef = 17420A301F20B7E90011C4E5 /* mute.png */; };
		17420A331F20B7E90011C4E5 /* volume.png in Resources */ = {isa = PBXBuildFile; fileRef = 17420A311F20B7E90011C4E5 /* volume.png */; };
		17420A371F20DD780011C4E5 /* MaintTheme.mp3 in Resources */ = {isa = PBXBuildFile; fileRef = 17420A361F20DD780011C4E5 /* MaintTheme.mp3 */; };
		17420A3F1F20E08B0011C4E5 /* yodaback.png in Resources */ = {isa = PBXBuildFile; fileRef = 17420A3D1F20E08B0011C4E5 /* yodaback.png */; };
		17420A411F20E5E30011C4E5 /* ViewMenu.swift in Sources */ = {isa = PBXBuildFile; fileRef = 17420A401F20E5E30011C4E5 /* ViewMenu.swift */; };
		17420A431F20EFD20011C4E5 /* shipbackground.jpeg in Resources */ = {isa = PBXBuildFile; fileRef = 17420A421F20EFD20011C4E5 /* shipbackground.jpeg */; };
		17420A451F20F0580011C4E5 /* survivelink.png in Resources */ = {isa = PBXBuildFile; fileRef = 17420A441F20F0580011C4E5 /* survivelink.png */; };
		17420A471F2103D20011C4E5 /* windu-chapter.jpg in Resources */ = {isa = PBXBuildFile; fileRef = 17420A461F2103D20011C4E5 /* windu-chapter.jpg */; };
		17420A4B1F2103DB0011C4E5 /* yoda-chapter.png in Resources */ = {isa = PBXBuildFile; fileRef = 17420A491F2103DB0011C4E5 /* yoda-chapter.png */; };
		17420A4D1F2105300011C4E5 /* histoire-menu.jpg in Resources */ = {isa = PBXBuildFile; fileRef = 17420A4C1F2105300011C4E5 /* histoire-menu.jpg */; };
		17420A4F1F2641F00011C4E5 /* SurvieGame.swift in Sources */ = {isa = PBXBuildFile; fileRef = 17420A4E1F2641F00011C4E5 /* SurvieGame.swift */; };
		17420A511F2645D00011C4E5 /* forme-carre-noir_318-40462.jpg in Resources */ = {isa = PBXBuildFile; fileRef = 17420A501F2645D00011C4E5 /* forme-carre-noir_318-40462.jpg */; };
		17420A531F28CD280011C4E5 /* mainlasershot.png in Resources */ = {isa = PBXBuildFile; fileRef = 17420A521F28CD280011C4E5 /* mainlasershot.png */; };
		17420A551F28DBE80011C4E5 /* troopers2.png in Resources */ = {isa = PBXBuildFile; fileRef = 17420A541F28DBE80011C4E5 /* troopers2.png */; };
		17420A5A1F28DDE00011C4E5 /* troopers3.png in Resources */ = {isa = PBXBuildFile; fileRef = 17420A561F28DDE00011C4E5 /* troopers3.png */; };
		17420A5B1F28DDE00011C4E5 /* troopers4.png in Resources */ = {isa = PBXBuildFile; fileRef = 17420A571F28DDE00011C4E5 /* troopers4.png */; };
		17420A5C1F28DDE00011C4E5 /* troopers5.png in Resources */ = {isa = PBXBuildFile; fileRef = 17420A581F28DDE00011C4E5 /* troopers5.png */; };
		17420A5D1F28DDE00011C4E5 /* troopers6.png in Resources */ = {isa = PBXBuildFile; fileRef = 17420A591F28DDE00011C4E5 /* troopers6.png */; };
		17420A5F1F28DE880011C4E5 /* troopers1.png in Resources */ = {isa = PBXBuildFile; fileRef = 17420A5E1F28DE880011C4E5 /* troopers1.png */; };
		17420A661F28E8CF0011C4E5 /* Ennemies5.png in Resources */ = {isa = PBXBuildFile; fileRef = 17420A601F28E8CF0011C4E5 /* Ennemies5.png */; };
		17420A671F28E8CF0011C4E5 /* Ennemies4.png in Resources */ = {isa = PBXBuildFile; fileRef = 17420A611F28E8CF0011C4E5 /* Ennemies4.png */; };
		17420A681F28E8CF0011C4E5 /* Ennemies6.png in Resources */ = {isa = PBXBuildFile; fileRef = 17420A621F28E8CF0011C4E5 /* Ennemies6.png */; };
		17420A691F28E8CF0011C4E5 /* Ennemies2.png in Resources */ = {isa = PBXBuildFile; fileRef = 17420A631F28E8CF0011C4E5 /* Ennemies2.png */; };
		17420A6A1F28E8CF0011C4E5 /* Ennemies1.png in Resources */ = {isa = PBXBuildFile; fileRef = 17420A641F28E8CF0011C4E5 /* Ennemies1.png */; };
		17420A6B1F28E8CF0011C4E5 /* Ennemies3.png in Resources */ = {isa = PBXBuildFile; fileRef = 17420A651F28E8CF0011C4E5 /* Ennemies3.png */; };
		17420A6F1F2A040E0011C4E5 /* heart1.png in Resources */ = {isa = PBXBuildFile; fileRef = 17420A6C1F2A040E0011C4E5 /* heart1.png */; };
		17420A701F2A040E0011C4E5 /* heart2.png in Resources */ = {isa = PBXBuildFile; fileRef = 17420A6D1F2A040E0011C4E5 /* heart2.png */; };
		17420A711F2A040E0011C4E5 /* heart3.png in Resources */ = {isa = PBXBuildFile; fileRef = 17420A6E1F2A040E0011C4E5 /* heart3.png */; };
		17420A731F2A07240011C4E5 /* Obi-Wan-chapter.png in Resources */ = {isa = PBXBuildFile; fileRef = 17420A721F2A07240011C4E5 /* Obi-Wan-chapter.png */; };
		178E9A131F1F885E00B3F12B /* AppDelegate.swift in Sources */ = {isa = PBXBuildFile; fileRef = 178E9A121F1F885E00B3F12B /* AppDelegate.swift */; };
		178E9A181F1F885E00B3F12B /* Main.storyboard in Resources */ = {isa = PBXBuildFile; fileRef = 178E9A161F1F885E00B3F12B /* Main.storyboard */; };
		178E9A1A1F1F885E00B3F12B /* Assets.xcassets in Resources */ = {isa = PBXBuildFile; fileRef = 178E9A191F1F885E00B3F12B /* Assets.xcassets */; };
		178E9A1D1F1F885E00B3F12B /* LaunchScreen.storyboard in Resources */ = {isa = PBXBuildFile; fileRef = 178E9A1B1F1F885E00B3F12B /* LaunchScreen.storyboard */; };
		178E9A331F1F992700B3F12B /* star_jedi in Resources */ = {isa = PBXBuildFile; fileRef = 178E9A321F1F992700B3F12B /* star_jedi */; };
/* End PBXBuildFile section */

/* Begin PBXFileReference section */
		173C44E01F2A09B40087D7F8 /* GameOver.swift */ = {isa = PBXFileReference; fileEncoding = 4; lastKnownFileType = sourcecode.swift; path = GameOver.swift; sourceTree = "<group>"; };
		173C44E21F2A0CE40087D7F8 /* Logo.png */ = {isa = PBXFileReference; lastKnownFileType = image.png; name = Logo.png; path = ../../../Downloads/Logo.png; sourceTree = "<group>"; };
		173C44E61F2A12290087D7F8 /* GameVariable.swift */ = {isa = PBXFileReference; fileEncoding = 4; lastKnownFileType = sourcecode.swift; path = GameVariable.swift; sourceTree = "<group>"; };
		173C44E81F2A23940087D7F8 /* ourship.png */ = {isa = PBXFileReference; lastKnownFileType = image.png; name = ourship.png; path = ../../../Downloads/ourship.png; sourceTree = "<group>"; };
		173C44EA1F2A24A90087D7F8 /* MaceWindu.png */ = {isa = PBXFileReference; lastKnownFileType = image.png; name = MaceWindu.png; path = img/MaceWindu.png; sourceTree = SOURCE_ROOT; };
		173C44EB1F2A24A90087D7F8 /* ObiWan.png */ = {isa = PBXFileReference; lastKnownFileType = image.png; name = ObiWan.png; path = img/ObiWan.png; sourceTree = SOURCE_ROOT; };
		173C44EC1F2A24A90087D7F8 /* Standing_Yoda.png */ = {isa = PBXFileReference; lastKnownFileType = image.png; name = Standing_Yoda.png; path = img/Standing_Yoda.png; sourceTree = SOURCE_ROOT; };
		173C44ED1F2A24A90087D7F8 /* Walking_Yoda1.png */ = {isa = PBXFileReference; lastKnownFileType = image.png; name = Walking_Yoda1.png; path = img/Walking_Yoda1.png; sourceTree = SOURCE_ROOT; };
		173C44EE1F2A24A90087D7F8 /* Walking_Yoda2.png */ = {isa = PBXFileReference; lastKnownFileType = image.png; name = Walking_Yoda2.png; path = img/Walking_Yoda2.png; sourceTree = SOURCE_ROOT; };
		173C44EF1F2A24A90087D7F8 /* WalkingMaceWindu1.png */ = {isa = PBXFileReference; lastKnownFileType = image.png; name = WalkingMaceWindu1.png; path = img/WalkingMaceWindu1.png; sourceTree = SOURCE_ROOT; };
		173C44F01F2A24A90087D7F8 /* WalkingMaceWindu2.png */ = {isa = PBXFileReference; lastKnownFileType = image.png; name = WalkingMaceWindu2.png; path = img/WalkingMaceWindu2.png; sourceTree = SOURCE_ROOT; };
		173C44F11F2A24A90087D7F8 /* WalkingObiWan1.png */ = {isa = PBXFileReference; lastKnownFileType = image.png; name = WalkingObiWan1.png; path = img/WalkingObiWan1.png; sourceTree = SOURCE_ROOT; };
		173C44F21F2A24A90087D7F8 /* WalkingObiWan2.png */ = {isa = PBXFileReference; lastKnownFileType = image.png; name = WalkingObiWan2.png; path = img/WalkingObiWan2.png; sourceTree = SOURCE_ROOT; };
		17420A2E1F20B3A50011C4E5 /* Starjedi.ttf */ = {isa = PBXFileReference; lastKnownFileType = file; name = Starjedi.ttf; path = ../../Documents/Starjedi.ttf; sourceTree = "<group>"; };
		17420A301F20B7E90011C4E5 /* mute.png */ = {isa = PBXFileReference; lastKnownFileType = image.png; name = mute.png; path = "../../../Downloads/my-icons-collection 2/png/mute.png"; sourceTree = "<group>"; };
		17420A311F20B7E90011C4E5 /* volume.png */ = {isa = PBXFileReference; lastKnownFileType = image.png; name = volume.png; path = "../../../Downloads/my-icons-collection 2/png/volume.png"; sourceTree = "<group>"; };
		17420A361F20DD780011C4E5 /* MaintTheme.mp3 */ = {isa = PBXFileReference; lastKnownFileType = audio.mp3; name = MaintTheme.mp3; path = ../../../Downloads/MaintTheme.mp3; sourceTree = "<group>"; };
		17420A3D1F20E08B0011C4E5 /* yodaback.png */ = {isa = PBXFileReference; lastKnownFileType = image.png; name = yodaback.png; path = ../../../Downloads/yodaback.png; sourceTree = "<group>"; };
		17420A401F20E5E30011C4E5 /* ViewMenu.swift */ = {isa = PBXFileReference; fileEncoding = 4; lastKnownFileType = sourcecode.swift; path = ViewMenu.swift; sourceTree = "<group>"; };
		17420A421F20EFD20011C4E5 /* shipbackground.jpeg */ = {isa = PBXFileReference; lastKnownFileType = image.jpeg; name = shipbackground.jpeg; path = ../../../Downloads/shipbackground.jpeg; sourceTree = "<group>"; };
		17420A441F20F0580011C4E5 /* survivelink.png */ = {isa = PBXFileReference; lastKnownFileType = image.png; name = survivelink.png; path = ../../../Downloads/survivelink.png; sourceTree = "<group>"; };
		17420A461F2103D20011C4E5 /* windu-chapter.jpg */ = {isa = PBXFileReference; lastKnownFileType = image.jpeg; name = "windu-chapter.jpg"; path = "../../windu-chapter.jpg"; sourceTree = "<group>"; };
		17420A491F2103DB0011C4E5 /* yoda-chapter.png */ = {isa = PBXFileReference; lastKnownFileType = image.png; name = "yoda-chapter.png"; path = "../../yoda-chapter.png"; sourceTree = "<group>"; };
		17420A4C1F2105300011C4E5 /* histoire-menu.jpg */ = {isa = PBXFileReference; lastKnownFileType = image.jpeg; name = "histoire-menu.jpg"; path = "../../histoire-menu.jpg"; sourceTree = "<group>"; };
		17420A4E1F2641F00011C4E5 /* SurvieGame.swift */ = {isa = PBXFileReference; fileEncoding = 4; lastKnownFileType = sourcecode.swift; path = SurvieGame.swift; sourceTree = "<group>"; };
		17420A501F2645D00011C4E5 /* forme-carre-noir_318-40462.jpg */ = {isa = PBXFileReference; lastKnownFileType = image.jpeg; name = "forme-carre-noir_318-40462.jpg"; path = "../../forme-carre-noir_318-40462.jpg"; sourceTree = "<group>"; };
		17420A521F28CD280011C4E5 /* mainlasershot.png */ = {isa = PBXFileReference; lastKnownFileType = image.png; name = mainlasershot.png; path = ../../mainlasershot.png; sourceTree = "<group>"; };
		17420A541F28DBE80011C4E5 /* troopers2.png */ = {isa = PBXFileReference; lastKnownFileType = image.png; name = troopers2.png; path = ../../troopers2.png; sourceTree = "<group>"; };
		17420A561F28DDE00011C4E5 /* troopers3.png */ = {isa = PBXFileReference; lastKnownFileType = image.png; name = troopers3.png; path = ../../troopers3.png; sourceTree = "<group>"; };
		17420A571F28DDE00011C4E5 /* troopers4.png */ = {isa = PBXFileReference; lastKnownFileType = image.png; name = troopers4.png; path = ../../troopers4.png; sourceTree = "<group>"; };
		17420A581F28DDE00011C4E5 /* troopers5.png */ = {isa = PBXFileReference; lastKnownFileType = image.png; name = troopers5.png; path = ../../troopers5.png; sourceTree = "<group>"; };
		17420A591F28DDE00011C4E5 /* troopers6.png */ = {isa = PBXFileReference; lastKnownFileType = image.png; name = troopers6.png; path = ../../troopers6.png; sourceTree = "<group>"; };
		17420A5E1F28DE880011C4E5 /* troopers1.png */ = {isa = PBXFileReference; lastKnownFileType = image.png; name = troopers1.png; path = ../../troopers1.png; sourceTree = "<group>"; };
		17420A601F28E8CF0011C4E5 /* Ennemies5.png */ = {isa = PBXFileReference; lastKnownFileType = image.png; name = Ennemies5.png; path = ../../../Downloads/Ennemies5.png; sourceTree = "<group>"; };
		17420A611F28E8CF0011C4E5 /* Ennemies4.png */ = {isa = PBXFileReference; lastKnownFileType = image.png; name = Ennemies4.png; path = ../../../Downloads/Ennemies4.png; sourceTree = "<group>"; };
		17420A621F28E8CF0011C4E5 /* Ennemies6.png */ = {isa = PBXFileReference; lastKnownFileType = image.png; name = Ennemies6.png; path = ../../../Downloads/Ennemies6.png; sourceTree = "<group>"; };
		17420A631F28E8CF0011C4E5 /* Ennemies2.png */ = {isa = PBXFileReference; lastKnownFileType = image.png; name = Ennemies2.png; path = ../../../Downloads/Ennemies2.png; sourceTree = "<group>"; };
		17420A641F28E8CF0011C4E5 /* Ennemies1.png */ = {isa = PBXFileReference; lastKnownFileType = image.png; name = Ennemies1.png; path = ../../../Downloads/Ennemies1.png; sourceTree = "<group>"; };
		17420A651F28E8CF0011C4E5 /* Ennemies3.png */ = {isa = PBXFileReference; lastKnownFileType = image.png; name = Ennemies3.png; path = ../../../Downloads/Ennemies3.png; sourceTree = "<group>"; };
		17420A6C1F2A040E0011C4E5 /* heart1.png */ = {isa = PBXFileReference; lastKnownFileType = image.png; name = heart1.png; path = ../../../Downloads/heart1.png; sourceTree = "<group>"; };
		17420A6D1F2A040E0011C4E5 /* heart2.png */ = {isa = PBXFileReference; lastKnownFileType = image.png; name = heart2.png; path = ../../../Downloads/heart2.png; sourceTree = "<group>"; };
		17420A6E1F2A040E0011C4E5 /* heart3.png */ = {isa = PBXFileReference; lastKnownFileType = image.png; name = heart3.png; path = ../../../Downloads/heart3.png; sourceTree = "<group>"; };
		17420A721F2A07240011C4E5 /* Obi-Wan-chapter.png */ = {isa = PBXFileReference; lastKnownFileType = image.png; name = "Obi-Wan-chapter.png"; path = "../../../Downloads/Obi-Wan-chapter.png"; sourceTree = "<group>"; };
		178E9A0F1F1F885E00B3F12B /* BeatTheJedi.app */ = {isa = PBXFileReference; explicitFileType = wrapper.application; includeInIndex = 0; path = BeatTheJedi.app; sourceTree = BUILT_PRODUCTS_DIR; };
		178E9A121F1F885E00B3F12B /* AppDelegate.swift */ = {isa = PBXFileReference; lastKnownFileType = sourcecode.swift; path = AppDelegate.swift; sourceTree = "<group>"; };
		178E9A171F1F885E00B3F12B /* Base */ = {isa = PBXFileReference; lastKnownFileType = file.storyboard; name = Base; path = Base.lproj/Main.storyboard; sourceTree = "<group>"; };
		178E9A191F1F885E00B3F12B /* Assets.xcassets */ = {isa = PBXFileReference; lastKnownFileType = folder.assetcatalog; path = Assets.xcassets; sourceTree = "<group>"; };
		178E9A1C1F1F885E00B3F12B /* Base */ = {isa = PBXFileReference; lastKnownFileType = file.storyboard; name = Base; path = Base.lproj/LaunchScreen.storyboard; sourceTree = "<group>"; };
		178E9A1E1F1F885E00B3F12B /* Info.plist */ = {isa = PBXFileReference; lastKnownFileType = text.plist.xml; path = Info.plist; sourceTree = "<group>"; };
		178E9A321F1F992700B3F12B /* star_jedi */ = {isa = PBXFileReference; lastKnownFileType = folder; name = star_jedi; path = ../../../Downloads/star_jedi; sourceTree = "<group>"; };
/* End PBXFileReference section */

/* Begin PBXFrameworksBuildPhase section */
		178E9A0C1F1F885E00B3F12B /* Frameworks */ = {
			isa = PBXFrameworksBuildPhase;
			buildActionMask = 2147483647;
			files = (
			);
			runOnlyForDeploymentPostprocessing = 0;
		};
/* End PBXFrameworksBuildPhase section */

/* Begin PBXGroup section */
		178E9A061F1F885D00B3F12B = {
			isa = PBXGroup;
			children = (
				17420A2E1F20B3A50011C4E5 /* Starjedi.ttf */,
				178E9A111F1F885E00B3F12B /* BeatTheJedi */,
				178E9A101F1F885E00B3F12B /* Products */,
			);
			sourceTree = "<group>";
		};
		178E9A101F1F885E00B3F12B /* Products */ = {
			isa = PBXGroup;
			children = (
				178E9A0F1F1F885E00B3F12B /* BeatTheJedi.app */,
			);
			name = Products;
			sourceTree = "<group>";
		};
		178E9A111F1F885E00B3F12B /* BeatTheJedi */ = {
			isa = PBXGroup;
			children = (
				178E9A2D1F1F978B00B3F12B /* Ressources */,
				178E9A121F1F885E00B3F12B /* AppDelegate.swift */,
				17420A401F20E5E30011C4E5 /* ViewMenu.swift */,
				173C44E61F2A12290087D7F8 /* GameVariable.swift */,
				173C44E01F2A09B40087D7F8 /* GameOver.swift */,
				178E9A161F1F885E00B3F12B /* Main.storyboard */,
				17420A4E1F2641F00011C4E5 /* SurvieGame.swift */,
				178E9A191F1F885E00B3F12B /* Assets.xcassets */,
				178E9A1B1F1F885E00B3F12B /* LaunchScreen.storyboard */,
				178E9A1E1F1F885E00B3F12B /* Info.plist */,
			);
			path = BeatTheJedi;
			sourceTree = "<group>";
		};
		178E9A2D1F1F978B00B3F12B /* Ressources */ = {
			isa = PBXGroup;
			children = (
				17420A521F28CD280011C4E5 /* mainlasershot.png */,
				17420A4C1F2105300011C4E5 /* histoire-menu.jpg */,
				17420A491F2103DB0011C4E5 /* yoda-chapter.png */,
				17420A461F2103D20011C4E5 /* windu-chapter.jpg */,
				17420A721F2A07240011C4E5 /* Obi-Wan-chapter.png */,
				17420A501F2645D00011C4E5 /* forme-carre-noir_318-40462.jpg */,
				17420A441F20F0580011C4E5 /* survivelink.png */,
				17420A421F20EFD20011C4E5 /* shipbackground.jpeg */,
				17420A5E1F28DE880011C4E5 /* troopers1.png */,
				17420A541F28DBE80011C4E5 /* troopers2.png */,
				17420A6C1F2A040E0011C4E5 /* heart1.png */,
				173C44EA1F2A24A90087D7F8 /* MaceWindu.png */,
				173C44EB1F2A24A90087D7F8 /* ObiWan.png */,
				173C44EC1F2A24A90087D7F8 /* Standing_Yoda.png */,
				173C44ED1F2A24A90087D7F8 /* Walking_Yoda1.png */,
				173C44EE1F2A24A90087D7F8 /* Walking_Yoda2.png */,
				173C44EF1F2A24A90087D7F8 /* WalkingMaceWindu1.png */,
				173C44F01F2A24A90087D7F8 /* WalkingMaceWindu2.png */,
				173C44F11F2A24A90087D7F8 /* WalkingObiWan1.png */,
				173C44F21F2A24A90087D7F8 /* WalkingObiWan2.png */,
				17420A6D1F2A040E0011C4E5 /* heart2.png */,
				173C44E21F2A0CE40087D7F8 /* Logo.png */,
				17420A6E1F2A040E0011C4E5 /* heart3.png */,
				17420A601F28E8CF0011C4E5 /* Ennemies5.png */,
				17420A611F28E8CF0011C4E5 /* Ennemies4.png */,
				173C44E81F2A23940087D7F8 /* ourship.png */,
				17420A621F28E8CF0011C4E5 /* Ennemies6.png */,
				17420A631F28E8CF0011C4E5 /* Ennemies2.png */,
				17420A641F28E8CF0011C4E5 /* Ennemies1.png */,
				17420A651F28E8CF0011C4E5 /* Ennemies3.png */,
				17420A561F28DDE00011C4E5 /* troopers3.png */,
				17420A571F28DDE00011C4E5 /* troopers4.png */,
				17420A581F28DDE00011C4E5 /* troopers5.png */,
				17420A591F28DDE00011C4E5 /* troopers6.png */,
				17420A3D1F20E08B0011C4E5 /* yodaback.png */,
				17420A361F20DD780011C4E5 /* MaintTheme.mp3 */,
				17420A301F20B7E90011C4E5 /* mute.png */,
				17420A311F20B7E90011C4E5 /* volume.png */,
				178E9A321F1F992700B3F12B /* star_jedi */,
			);
			name = Ressources;
			sourceTree = "<group>";
		};
/* End PBXGroup section */

/* Begin PBXNativeTarget section */
		178E9A0E1F1F885E00B3F12B /* BeatTheJedi */ = {
			isa = PBXNativeTarget;
			buildConfigurationList = 178E9A211F1F885E00B3F12B /* Build configuration list for PBXNativeTarget "BeatTheJedi" */;
			buildPhases = (
				178E9A0B1F1F885E00B3F12B /* Sources */,
				178E9A0C1F1F885E00B3F12B /* Frameworks */,
				178E9A0D1F1F885E00B3F12B /* Resources */,
			);
			buildRules = (
			);
			dependencies = (
			);
			name = BeatTheJedi;
			productName = BeatTheJedi;
			productReference = 178E9A0F1F1F885E00B3F12B /* BeatTheJedi.app */;
			productType = "com.apple.product-type.application";
		};
/* End PBXNativeTarget section */

/* Begin PBXProject section */
		178E9A071F1F885E00B3F12B /* Project object */ = {
			isa = PBXProject;
			attributes = {
				KnownAssetTags = (
					mute,
					volume,
				);
				LastSwiftUpdateCheck = 0830;
				LastUpgradeCheck = 0830;
				ORGANIZATIONNAME = "Vinod Aroumougame";
				TargetAttributes = {
					178E9A0E1F1F885E00B3F12B = {
						CreatedOnToolsVersion = 8.3.2;
						DevelopmentTeam = R6VFQU9BT6;
						ProvisioningStyle = Automatic;
					};
				};
			};
			buildConfigurationList = 178E9A0A1F1F885E00B3F12B /* Build configuration list for PBXProject "BeatTheJedi" */;
			compatibilityVersion = "Xcode 3.2";
			developmentRegion = English;
			hasScannedForEncodings = 0;
			knownRegions = (
				en,
				Base,
			);
			mainGroup = 178E9A061F1F885D00B3F12B;
			productRefGroup = 178E9A101F1F885E00B3F12B /* Products */;
			projectDirPath = "";
			projectRoot = "";
			targets = (
				178E9A0E1F1F885E00B3F12B /* BeatTheJedi */,
			);
		};
/* End PBXProject section */

/* Begin PBXResourcesBuildPhase section */
		178E9A0D1F1F885E00B3F12B /* Resources */ = {
			isa = PBXResourcesBuildPhase;
			buildActionMask = 2147483647;
			files = (
				17420A4B1F2103DB0011C4E5 /* yoda-chapter.png in Resources */,
				17420A371F20DD780011C4E5 /* MaintTheme.mp3 in Resources */,
				17420A5B1F28DDE00011C4E5 /* troopers4.png in Resources */,
				173C44F51F2A24A90087D7F8 /* Standing_Yoda.png in Resources */,
				17420A2F1F20B3A50011C4E5 /* Starjedi.ttf in Resources */,
				17420A711F2A040E0011C4E5 /* heart3.png in Resources */,
				17420A5D1F28DDE00011C4E5 /* troopers6.png in Resources */,
				173C44E91F2A23940087D7F8 /* ourship.png in Resources */,
				17420A6A1F28E8CF0011C4E5 /* Ennemies1.png in Resources */,
				17420A731F2A07240011C4E5 /* Obi-Wan-chapter.png in Resources */,
				173C44F41F2A24A90087D7F8 /* ObiWan.png in Resources */,
				178E9A1D1F1F885E00B3F12B /* LaunchScreen.storyboard in Resources */,
				178E9A1A1F1F885E00B3F12B /* Assets.xcassets in Resources */,
				17420A6F1F2A040E0011C4E5 /* heart1.png in Resources */,
				17420A331F20B7E90011C4E5 /* volume.png in Resources */,
				17420A431F20EFD20011C4E5 /* shipbackground.jpeg in Resources */,
				178E9A181F1F885E00B3F12B /* Main.storyboard in Resources */,
				173C44FA1F2A24A90087D7F8 /* WalkingObiWan1.png in Resources */,
				17420A471F2103D20011C4E5 /* windu-chapter.jpg in Resources */,
				173C44E31F2A0CE40087D7F8 /* Logo.png in Resources */,
				173C44F81F2A24A90087D7F8 /* WalkingMaceWindu1.png in Resources */,
				17420A701F2A040E0011C4E5 /* heart2.png in Resources */,
				17420A691F28E8CF0011C4E5 /* Ennemies2.png in Resources */,
				17420A671F28E8CF0011C4E5 /* Ennemies4.png in Resources */,
				17420A5A1F28DDE00011C4E5 /* troopers3.png in Resources */,
				178E9A331F1F992700B3F12B /* star_jedi in Resources */,
				173C44F61F2A24A90087D7F8 /* Walking_Yoda1.png in Resources */,
				17420A681F28E8CF0011C4E5 /* Ennemies6.png in Resources */,
				173C44F71F2A24A90087D7F8 /* Walking_Yoda2.png in Resources */,
				17420A551F28DBE80011C4E5 /* troopers2.png in Resources */,
				17420A531F28CD280011C4E5 /* mainlasershot.png in Resources */,
				17420A321F20B7E90011C4E5 /* mute.png in Resources */,
				17420A4D1F2105300011C4E5 /* histoire-menu.jpg in Resources */,
				173C44F31F2A24A90087D7F8 /* MaceWindu.png in Resources */,
				173C44FB1F2A24A90087D7F8 /* WalkingObiWan2.png in Resources */,
				17420A661F28E8CF0011C4E5 /* Ennemies5.png in Resources */,
				173C44F91F2A24A90087D7F8 /* WalkingMaceWindu2.png in Resources */,
				17420A5C1F28DDE00011C4E5 /* troopers5.png in Resources */,
				17420A3F1F20E08B0011C4E5 /* yodaback.png in Resources */,
				17420A511F2645D00011C4E5 /* forme-carre-noir_318-40462.jpg in Resources */,
				17420A451F20F0580011C4E5 /* survivelink.png in Resources */,
				17420A5F1F28DE880011C4E5 /* troopers1.png in Resources */,
				17420A6B1F28E8CF0011C4E5 /* Ennemies3.png in Resources */,
			);
			runOnlyForDeploymentPostprocessing = 0;
		};
/* End PBXResourcesBuildPhase section */

/* Begin PBXSourcesBuildPhase section */
		178E9A0B1F1F885E00B3F12B /* Sources */ = {
			isa = PBXSourcesBuildPhase;
			buildActionMask = 2147483647;
			files = (
				178E9A131F1F885E00B3F12B /* AppDelegate.swift in Sources */,
				17420A411F20E5E30011C4E5 /* ViewMenu.swift in Sources */,
				173C44E71F2A12290087D7F8 /* GameVariable.swift in Sources */,
				17420A4F1F2641F00011C4E5 /* SurvieGame.swift in Sources */,
				173C44E11F2A09B40087D7F8 /* GameOver.swift in Sources */,
			);
			runOnlyForDeploymentPostprocessing = 0;
		};
/* End PBXSourcesBuildPhase section */

/* Begin PBXVariantGroup section */
		178E9A161F1F885E00B3F12B /* Main.storyboard */ = {
			isa = PBXVariantGroup;
			children = (
				178E9A171F1F885E00B3F12B /* Base */,
			);
			name = Main.storyboard;
			sourceTree = "<group>";
		};
		178E9A1B1F1F885E00B3F12B /* LaunchScreen.storyboard */ = {
			isa = PBXVariantGroup;
			children = (
				178E9A1C1F1F885E00B3F12B /* Base */,
			);
			name = LaunchScreen.storyboard;
			sourceTree = "<group>";
		};
/* End PBXVariantGroup section */

/* Begin XCBuildConfiguration section */
		178E9A1F1F1F885E00B3F12B /* Debug */ = {
			isa = XCBuildConfiguration;
			buildSettings = {
				ALWAYS_SEARCH_USER_PATHS = NO;
				CLANG_ANALYZER_NONNULL = YES;
				CLANG_ANALYZER_NUMBER_OBJECT_CONVERSION = YES_AGGRESSIVE;
				CLANG_CXX_LANGUAGE_STANDARD = "gnu++0x";
				CLANG_CXX_LIBRARY = "libc++";
				CLANG_ENABLE_MODULES = YES;
				CLANG_ENABLE_OBJC_ARC = YES;
				CLANG_WARN_BOOL_CONVERSION = YES;
				CLANG_WARN_CONSTANT_CONVERSION = YES;
				CLANG_WARN_DIRECT_OBJC_ISA_USAGE = YES_ERROR;
				CLANG_WARN_DOCUMENTATION_COMMENTS = YES;
				CLANG_WARN_EMPTY_BODY = YES;
				CLANG_WARN_ENUM_CONVERSION = YES;
				CLANG_WARN_INFINITE_RECURSION = YES;
				CLANG_WARN_INT_CONVERSION = YES;
				CLANG_WARN_OBJC_ROOT_CLASS = YES_ERROR;
				CLANG_WARN_SUSPICIOUS_MOVE = YES;
				CLANG_WARN_UNREACHABLE_CODE = YES;
				CLANG_WARN__DUPLICATE_METHOD_MATCH = YES;
				"CODE_SIGN_IDENTITY[sdk=iphoneos*]" = "iPhone Developer";
				COPY_PHASE_STRIP = NO;
				DEBUG_INFORMATION_FORMAT = dwarf;
				ENABLE_STRICT_OBJC_MSGSEND = YES;
				ENABLE_TESTABILITY = YES;
				GCC_C_LANGUAGE_STANDARD = gnu99;
				GCC_DYNAMIC_NO_PIC = NO;
				GCC_NO_COMMON_BLOCKS = YES;
				GCC_OPTIMIZATION_LEVEL = 0;
				GCC_PREPROCESSOR_DEFINITIONS = (
					"DEBUG=1",
					"$(inherited)",
				);
				GCC_WARN_64_TO_32_BIT_CONVERSION = YES;
				GCC_WARN_ABOUT_RETURN_TYPE = YES_ERROR;
				GCC_WARN_UNDECLARED_SELECTOR = YES;
				GCC_WARN_UNINITIALIZED_AUTOS = YES_AGGRESSIVE;
				GCC_WARN_UNUSED_FUNCTION = YES;
				GCC_WARN_UNUSED_VARIABLE = YES;
				IPHONEOS_DEPLOYMENT_TARGET = 10.3;
				MTL_ENABLE_DEBUG_INFO = YES;
				ONLY_ACTIVE_ARCH = YES;
				SDKROOT = iphoneos;
				SWIFT_ACTIVE_COMPILATION_CONDITIONS = DEBUG;
				SWIFT_OPTIMIZATION_LEVEL = "-Onone";
				TARGETED_DEVICE_FAMILY = "1,2";
			};
			name = Debug;
		};
		178E9A201F1F885E00B3F12B /* Release */ = {
			isa = XCBuildConfiguration;
			buildSettings = {
				ALWAYS_SEARCH_USER_PATHS = NO;
				CLANG_ANALYZER_NONNULL = YES;
				CLANG_ANALYZER_NUMBER_OBJECT_CONVERSION = YES_AGGRESSIVE;
				CLANG_CXX_LANGUAGE_STANDARD = "gnu++0x";
				CLANG_CXX_LIBRARY = "libc++";
				CLANG_ENABLE_MODULES = YES;
				CLANG_ENABLE_OBJC_ARC = YES;
				CLANG_WARN_BOOL_CONVERSION = YES;
				CLANG_WARN_CONSTANT_CONVERSION = YES;
				CLANG_WARN_DIRECT_OBJC_ISA_USAGE = YES_ERROR;
				CLANG_WARN_DOCUMENTATION_COMMENTS = YES;
				CLANG_WARN_EMPTY_BODY = YES;
				CLANG_WARN_ENUM_CONVERSION = YES;
				CLANG_WARN_INFINITE_RECURSION = YES;
				CLANG_WARN_INT_CONVERSION = YES;
				CLANG_WARN_OBJC_ROOT_CLASS = YES_ERROR;
				CLANG_WARN_SUSPICIOUS_MOVE = YES;
				CLANG_WARN_UNREACHABLE_CODE = YES;
				CLANG_WARN__DUPLICATE_METHOD_MATCH = YES;
				"CODE_SIGN_IDENTITY[sdk=iphoneos*]" = "iPhone Developer";
				COPY_PHASE_STRIP = NO;
				DEBUG_INFORMATION_FORMAT = "dwarf-with-dsym";
				ENABLE_NS_ASSERTIONS = NO;
				ENABLE_STRICT_OBJC_MSGSEND = YES;
				GCC_C_LANGUAGE_STANDARD = gnu99;
				GCC_NO_COMMON_BLOCKS = YES;
				GCC_WARN_64_TO_32_BIT_CONVERSION = YES;
				GCC_WARN_ABOUT_RETURN_TYPE = YES_ERROR;
				GCC_WARN_UNDECLARED_SELECTOR = YES;
				GCC_WARN_UNINITIALIZED_AUTOS = YES_AGGRESSIVE;
				GCC_WARN_UNUSED_FUNCTION = YES;
				GCC_WARN_UNUSED_VARIABLE = YES;
				IPHONEOS_DEPLOYMENT_TARGET = 10.3;
				MTL_ENABLE_DEBUG_INFO = NO;
				SDKROOT = iphoneos;
				SWIFT_OPTIMIZATION_LEVEL = "-Owholemodule";
				TARGETED_DEVICE_FAMILY = "1,2";
				VALIDATE_PRODUCT = YES;
			};
			name = Release;
		};
		178E9A221F1F885E00B3F12B /* Debug */ = {
			isa = XCBuildConfiguration;
			buildSettings = {
				ASSETCATALOG_COMPILER_APPICON_NAME = AppIcon;
				DEVELOPMENT_TEAM = R6VFQU9BT6;
				INFOPLIST_FILE = BeatTheJedi/Info.plist;
				LD_RUNPATH_SEARCH_PATHS = "$(inherited) @executable_path/Frameworks";
				PRODUCT_BUNDLE_IDENTIFIER = com.companyname.BeatTheJedi;
				PRODUCT_NAME = "$(TARGET_NAME)";
				SWIFT_VERSION = 3.0;
			};
			name = Debug;
		};
		178E9A231F1F885E00B3F12B /* Release */ = {
			isa = XCBuildConfiguration;
			buildSettings = {
				ASSETCATALOG_COMPILER_APPICON_NAME = AppIcon;
				DEVELOPMENT_TEAM = R6VFQU9BT6;
				INFOPLIST_FILE = BeatTheJedi/Info.plist;
				LD_RUNPATH_SEARCH_PATHS = "$(inherited) @executable_path/Frameworks";
				PRODUCT_BUNDLE_IDENTIFIER = com.companyname.BeatTheJedi;
				PRODUCT_NAME = "$(TARGET_NAME)";
				SWIFT_VERSION = 3.0;
			};
			name = Release;
		};
/* End XCBuildConfiguration section */

/* Begin XCConfigurationList section */
		178E9A0A1F1F885E00B3F12B /* Build configuration list for PBXProject "BeatTheJedi" */ = {
			isa = XCConfigurationList;
			buildConfigurations = (
				178E9A1F1F1F885E00B3F12B /* Debug */,
				178E9A201F1F885E00B3F12B /* Release */,
			);
			defaultConfigurationIsVisible = 0;
			defaultConfigurationName = Release;
		};
		178E9A211F1F885E00B3F12B /* Build configuration list for PBXNativeTarget "BeatTheJedi" */ = {
			isa = XCConfigurationList;
			buildConfigurations = (
				178E9A221F1F885E00B3F12B /* Debug */,
				178E9A231F1F885E00B3F12B /* Release */,
			);
			defaultConfigurationIsVisible = 0;
			defaultConfigurationName = Release;
		};
/* End XCConfigurationList section */
	};
	rootObject = 178E9A071F1F885E00B3F12B /* Project object */;
}
